<?xml version="1.0" encoding="UTF-8"?>
<Scheme
   LastUpgradeVersion = "1010"
   version = "1.3">
   <BuildAction
      parallelizeBuildables = "YES"
      buildImplicitDependencies = "YES">
      <BuildActionEntries>
         <BuildActionEntry
            buildForTesting = "YES"
            buildForRunning = "YES"
            buildForProfiling = "YES"
            buildForArchiving = "YES"
            buildForAnalyzing = "YES">
            <BuildableReference
               BuildableIdentifier = "primary"
               BlueprintIdentifier = "20ECA76121FB619C00C4C79D"
               BuildableName = "Mobile Phone Buyer&#x2019;s Guide.app"
               BlueprintName = "Mobile Phone Buyer&#x2019;s Guide"
               ReferencedContainer = "container:Mobile Phone Buyer&#x2019;s Guide.xcodeproj">
            </BuildableReference>
         </BuildActionEntry>
      </BuildActionEntries>
   </BuildAction>
   <TestAction
      buildConfiguration = "Debug"
      selectedDebuggerIdentifier = "Xcode.DebuggerFoundation.Debugger.LLDB"
      selectedLauncherIdentifier = "Xcode.DebuggerFoundation.Launcher.LLDB"
      codeCoverageEnabled = "YES"
      onlyGenerateCoverageForSpecifiedTargets = "YES"
      shouldUseLaunchSchemeArgsEnv = "YES">
      <CodeCoverageTargets>
         <BuildableReference
            BuildableIdentifier = "primary"
            BlueprintIdentifier = "20ECA76121FB619C00C4C79D"
            BuildableName = "Mobile Phone Buyer&#x2019;s Guide.app"
            BlueprintName = "Mobile Phone Buyer&#x2019;s Guide"
            ReferencedContainer = "container:Mobile Phone Buyer&#x2019;s Guide.xcodeproj">
         </BuildableReference>
      </CodeCoverageTargets>
      <Testables>
         <TestableReference
            skipped = "NO">
            <BuildableReference
               BuildableIdentifier = "primary"
               BlueprintIdentifier = "20ECA77521FB619E00C4C79D"
               BuildableName = "Mobile Phone Buyer&#x2019;s GuideTests.xctest"
               BlueprintName = "Mobile Phone Buyer&#x2019;s GuideTests"
               ReferencedContainer = "container:Mobile Phone Buyer&#x2019;s Guide.xcodeproj">
            </BuildableReference>
         </TestableReference>
      </Testables>
      <MacroExpansion>
         <BuildableReference
            BuildableIdentifier = "primary"
            BlueprintIdentifier = "20ECA76121FB619C00C4C79D"
            BuildableName = "Mobile Phone Buyer&#x2019;s Guide.app"
            BlueprintName = "Mobile Phone Buyer&#x2019;s Guide"
            ReferencedContainer = "container:Mobile Phone Buyer&#x2019;s Guide.xcodeproj">
         </BuildableReference>
      </MacroExpansion>
      <AdditionalOptions>
      </AdditionalOptions>
   </TestAction>
   <LaunchAction
      buildConfiguration = "Debug"
      selectedDebuggerIdentifier = "Xcode.DebuggerFoundation.Debugger.LLDB"
      selectedLauncherIdentifier = "Xcode.DebuggerFoundation.Launcher.LLDB"
      launchStyle = "0"
      useCustomWorkingDirectory = "NO"
      ignoresPersistentStateOnLaunch = "NO"
      debugDocumentVersioning = "YES"
      debugServiceExtension = "internal"
      allowLocationSimulation = "YES">
      <BuildableProductRunnable
         runnableDebuggingMode = "0">
         <BuildableReference
            BuildableIdentifier = "primary"
            BlueprintIdentifier = "20ECA76121FB619C00C4C79D"
            BuildableName = "Mobile Phone Buyer&#x2019;s Guide.app"
            BlueprintName = "Mobile Phone Buyer&#x2019;s Guide"
            ReferencedContainer = "container:Mobile Phone Buyer&#x2019;s Guide.xcodeproj">
         </BuildableReference>
      </BuildableProductRunnable>
      <AdditionalOptions>
      </AdditionalOptions>
   </LaunchAction>
   <ProfileAction
      buildConfiguration = "Release"
      shouldUseLaunchSchemeArgsEnv = "YES"
      savedToolIdentifier = ""
      useCustomWorkingDirectory = "NO"
      debugDocumentVersioning = "YES">
      <BuildableProductRunnable
         runnableDebuggingMode = "0">
         <BuildableReference
            BuildableIdentifier = "primary"
            BlueprintIdentifier = "20ECA76121FB619C00C4C79D"
            BuildableName = "Mobile Phone Buyer&#x2019;s Guide.app"
            BlueprintName = "Mobile Phone Buyer&#x2019;s Guide"
            ReferencedContainer = "container:Mobile Phone Buyer&#x2019;s Guide.xcodeproj">
         </BuildableReference>
      </BuildableProductRunnable>
   </ProfileAction>
   <AnalyzeAction
      buildConfiguration = "Debug">
   </AnalyzeAction>
   <ArchiveAction
      buildConfiguration = "Release"
      revealArchiveInOrganizer = "YES">
   </ArchiveAction>
</Scheme>
